version = 1
revision = 3
requires-python = ">=3.13"

[[package]]
name = "mpi4py"
version = "4.1.2"
source = { registry = "https://pypi.org/simple" }
sdist = { url = "https://files.pythonhosted.org/packages/75/83/231445bbcf7ef10864746c244ff2d82000011449b79275642c5d4ed8c8f4/mpi4py-4.1.2.tar.gz", hash = "sha256:56860286dc45f20e8821e93cb06669e30462348bf866f685553fa4b712d58d02", size = 501709, upload-time = "2026-05-16T10:35:23.618Z" }
wheels = [
    { url = "https://files.pythonhosted.org/packages/bf/7e/1524baa98c3b4e3ddc030ec2ad5f6e5a362930317ed3e561d6da1c2e97b1/mpi4py-4.1.2-cp310-abi3-macosx_10_9_x86_64.whl", hash = "sha256:ceb3b6e6f27ba7a39f7721583c04514013b860b829e721769e77398dee97bfa3", size = 1411317, upload-time = "2026-05-16T10:33:56.706Z" },
    { url = "https://files.pythonhosted.org/packages/2f/73/5918e062a65f40e3bd82a2dccf0c8ba22a284d327ccda46d84d2717985cc/mpi4py-4.1.2-cp310-abi3-macosx_11_0_arm64.whl", hash = "sha256:251e8880f4cb98e9c8f63c6f6b2c7e819e22b5e4949d47767a0092eed6f814c2", size = 1304635, upload-time = "2026-05-16T10:33:58.685Z" },
    { url = "https://files.pythonhosted.org/packages/a3/0a/1da7f403e0d8ce0e26d541f7538302cec00cf5b0a98a7a52b929f938a25c/mpi4py-4.1.2-cp310-abi3-manylinux1_x86_64.manylinux_2_5_x86_64.whl", hash = "sha256:2ef63b2e3083e6062fd90e4de8c4e3acbf81e0772406e0226eb8dde6a48cab8e", size = 1327130, upload-time = "2026-05-16T10:34:00.269Z" },
    { url = "https://files.pythonhosted.org/packages/e6/f9/65999152ae82bad914c6a083821ee774afefd6d0544e633b940c9a9ebf3f/mpi4py-4.1.2-cp310-abi3-manylinux2014_aarch64.manylinux_2_17_aarch64.whl", hash = "sha256:6508e654b9c8ff9f611b19548b2a17d1e323b520a15168189f92221e6757b8ff", size = 1182268, upload-time = "2026-05-16T10:34:02.206Z" },
    { url = "https://files.pythonhosted.org/packages/66/8f/90de8d5e0676f86f7866fd4665193252ea17764a54800d9545c7b53ac00a/mpi4py-4.1.2-cp310-abi3-win_amd64.whl", hash = "sha256:eb69f6273ad155f191850a593deebdf52aed6722979ba0693e02db5663e59699", size = 1466751, upload-time = "2026-05-16T10:34:04.278Z" },
    { url = "https://files.pythonhosted.org/packages/35/15/324cfa61674b8f73aa3347590df937232d898a993f3348121f9003f43b16/mpi4py-4.1.2-cp313-cp313-macosx_10_13_x86_64.whl", hash = "sha256:632a94e355cf1960eaae2b668d88399f53680207f5a4777e15fdaf7d96c72d09", size = 1660517, upload-time = "2026-05-16T10:34:33.836Z" },
    { url = "https://files.pythonhosted.org/packages/00/ec/b670c9250b59ed255571e679f1e0ae7bd4e08c67f2f7f7f11a928b4becd7/mpi4py-4.1.2-cp313-cp313-macosx_11_0_arm64.whl", hash = "sha256:0aedf3e6c937b48d244e7c6bb72d0b068a1b1adf99ec6001bc9c7e381c581806", size = 1426478, upload-time = "2026-05-16T10:34:35.342Z" },
    { url = "https://files.pythonhosted.org/packages/0d/5e/493415cdb0da0c1c0b6ec9a1fb65ab57a174e8111b25c87f7507f663d0b4/mpi4py-4.1.2-cp313-cp313-manylinux1_x86_64.manylinux_2_5_x86_64.whl", hash = "sha256:085e0cb05427398fe2281856f27a87984b9f234cd6d98a2a384a6fbfe679a56f", size = 1358571, upload-time = "2026-05-16T10:34:37.478Z" },
    { url = "https://files.pythonhosted.org/packages/6f/51/3822e834fc9cafd96811501b85232e02bd9b31596d42965536a269a6c112/mpi4py-4.1.2-cp313-cp313-manylinux2014_aarch64.manylinux_2_17_aarch64.whl", hash = "sha256:429437883b4511583d56a57bc58ad0d02965fb6c19f84f39e30c0646e6c0cab9", size = 1226562, upload-time = "2026-05-16T10:34:39.652Z" },
    { url = "https://files.pythonhosted.org/packages/72/27/919831e5c843890b1a5b475ca1a8d83d8eb3453c1fe66f6bbdaca35ee548/mpi4py-4.1.2-cp313-cp313-win_amd64.whl", hash = "sha256:f984aa35d61fd95c7aa49829f94c3d61bb9ec2272bd8e404ae8d1ea84b620b58", size = 1703612, upload-time = "2026-05-16T10:34:41.133Z" },
    { url = "https://files.pythonhosted.org/packages/ef/ee/3c1128b5c393a8a2abeb9db6cc2aba2d3d604fee20d0fa99c02ba5aab5c6/mpi4py-4.1.2-cp313-cp313t-macosx_10_13_x86_64.whl", hash = "sha256:16ae4d0fac11e60056ec7c46ce101f70f4941634ad8165c54a24304820a816b0", size = 1740466, upload-time = "2026-05-16T10:34:42.566Z" },
    { url = "https://files.pythonhosted.org/packages/17/ed/7a163be7da48ace29ab4c54407e7f2e510953df14dea90e122f9ca7310c7/mpi4py-4.1.2-cp313-cp313t-macosx_11_0_arm64.whl", hash = "sha256:364da611dda94e8a26e418ccfc4c8ff2a1492e74f4c28b24df09521fe888de3b", size = 1518426, upload-time = "2026-05-16T10:34:44.081Z" },
    { url = "https://files.pythonhosted.org/packages/ec/5e/d358fadb8672d58abd6dce16c95eda56f497b378dec5642a31cd6ededfc4/mpi4py-4.1.2-cp313-cp313t-manylinux1_x86_64.manylinux_2_5_x86_64.whl", hash = "sha256:85e332feaac3323d8ed1c71f17478fe3f529468f28f6f9bb4c9133ad2d3a3a6d", size = 1419007, upload-time = "2026-05-16T10:34:45.47Z" },
    { url = "https://files.pythonhosted.org/packages/27/eb/5cd53880337009cab9a9d17a007ad5aec731f3a55e211bdcc99dbb98a0e3/mpi4py-4.1.2-cp313-cp313t-manylinux2014_aarch64.manylinux_2_17_aarch64.whl", hash = "sha256:3e05dba75f6ad17ae761bdc01ee5c5271d15cd296e8a508e22c99c91b540dc99", size = 1298482, upload-time = "2026-05-16T10:34:46.858Z" },
    { url = "https://files.pythonhosted.org/packages/13/d9/eb35b0e8328a02c4d6288bf2bcd156b387f08ff6146a5c8f3f2abd75a078/mpi4py-4.1.2-cp313-cp313t-win_amd64.whl", hash = "sha256:2d0a131a255f61a2d313623f91b496c345abd5976147f866b39383264f275449", size = 1835283, upload-time = "2026-05-16T10:34:48.899Z" },
    { url = "https://files.pythonhosted.org/packages/2e/0d/6ad35d0d50cb519f1c1658d754bfcf553a48611043d91d6b5e7c9d3cdca1/mpi4py-4.1.2-cp314-cp314-macosx_10_13_x86_64.whl", hash = "sha256:0bfd4739cf1189d3d1f44b360e8fab203cbab91d762e581b32764e7dbe7e8c44", size = 1672866, upload-time = "2026-05-16T10:34:50.293Z" },
    { url = "https://files.pythonhosted.org/packages/34/0b/f9bf119248f3269076a44ae4c83a06ae609e6aa11c04db7306aed011e0d9/mpi4py-4.1.2-cp314-cp314-macosx_11_0_arm64.whl", hash = "sha256:a8e9d25dd3b304ac2a57ab8ac4eca87f81411e535dc24ac0cd044f6f8304d9d7", size = 1440551, upload-time = "2026-05-16T10:34:51.777Z" },
    { url = "https://files.pythonhosted.org/packages/26/e4/32575e9b0d5380b08ffa04958c7a13b1bab86e3674f33b6de3827fbbe14c/mpi4py-4.1.2-cp314-cp314-manylinux1_x86_64.manylinux_2_5_x86_64.whl", hash = "sha256:d53e8f7182bf125b37155f679b301a21cd64e5ae6861ca0ab989c9d2b2073bbd", size = 1368388, upload-time = "2026-05-16T10:34:53.665Z" },
    { url = "https://files.pythonhosted.org/packages/87/a8/ad5e925da9de402704ecfe8715348b068fb0b65059109c65dafb111f95e4/mpi4py-4.1.2-cp314-cp314-manylinux2014_aarch64.manylinux_2_17_aarch64.whl", hash = "sha256:7cbf982d3425fd06890fbcff79ba19a7435e93bc74e5711ca8ac0b64d0c3ece9", size = 1238211, upload-time = "2026-05-16T10:34:55.094Z" },
    { url = "https://files.pythonhosted.org/packages/c3/5e/3fbcbe18712fecd509eedb91dcd4947dba0618a4d2add6231b772604590b/mpi4py-4.1.2-cp314-cp314-win_amd64.whl", hash = "sha256:50a1f5c5b210b8175860174fe670e058883df6f50e8998356dca5c73e6177d89", size = 1712936, upload-time = "2026-05-16T10:34:56.745Z" },
    { url = "https://files.pythonhosted.org/packages/14/ea/6f1836e46355f46eca2bd8d2b989fb29d62acff0a6a5dc61d356e0e36e44/mpi4py-4.1.2-cp314-cp314t-macosx_10_13_x86_64.whl", hash = "sha256:5f255ed29f4fc66bd1387956e5fe207cae19e418c7db5559f5d6a77370171389", size = 1753847, upload-time = "2026-05-16T10:34:58.184Z" },
    { url = "https://files.pythonhosted.org/packages/cc/b3/999f743330dec8543a2b0f804c12e28a45afc6e5546aa16ef849a67d91f1/mpi4py-4.1.2-cp314-cp314t-macosx_11_0_arm64.whl", hash = "sha256:d2704dfd19663200677a7c98b971a385d2ed58bb9deee544dbd38fbec1a91ef1", size = 1527795, upload-time = "2026-05-16T10:34:59.965Z" },
    { url = "https://files.pythonhosted.org/packages/39/29/45a41d081342896af52d38a848017728bf6834c4c92814c50aa791dc750b/mpi4py-4.1.2-cp314-cp314t-manylinux1_x86_64.manylinux_2_5_x86_64.whl", hash = "sha256:db189238c37be98933eeb078a3e2b827eef969837e8fe0f3a2e6cdb7f4b1b05f", size = 1423092, upload-time = "2026-05-16T10:35:01.672Z" },
    { url = "https://files.pythonhosted.org/packages/0f/6f/c2127d426d87f2f7cdb4beacbb4febe7b0c93047a3c615d0e56cecb42563/mpi4py-4.1.2-cp314-cp314t-manylinux2014_aarch64.manylinux_2_17_aarch64.whl", hash = "sha256:d0fbf0bc100ed966c3d7f44231a19aef0025d523d1b813de468a1b114d0d9436", size = 1303134, upload-time = "2026-05-16T10:35:03.122Z" },
    { url = "https://files.pythonhosted.org/packages/24/9c/f80cd1f9591be4c5c55a60676306b19847194cf168e0cc9db07f2e181152/mpi4py-4.1.2-cp314-cp314t-win_amd64.whl", hash = "sha256:34d94bd254947d17033aa5a9b6b1872175bad7e73ccef6b0373f2b8054e30f2e", size = 1838114, upload-time = "2026-05-16T10:35:05.306Z" },
]

[[package]]
name = "numpy"
version = "2.5.0"
source = { registry = "https://pypi.org/simple" }
sdist = { url = "https://files.pythonhosted.org/packages/e7/05/3d27272d30698dc0ecb7fdfaa41ad70303b444f81722bb99bce1d818638a/numpy-2.5.0.tar.gz", hash = "sha256:5a129578019311b6e56bdd714250f19b518f7dceeeb8d1af5490f4942d3f891c", size = 20652461, upload-time = "2026-06-21T20:57:51.95Z" }
wheels = [
    { url = "https://files.pythonhosted.org/packages/8a/33/07675aaad7f26ea013d5e884d9a0d784b79c6bd7566c333f5a52fa3c610b/numpy-2.5.0-cp313-cp313-macosx_10_13_x86_64.whl", hash = "sha256:520e6b8be0a4b65840ac8090d4f51cef4bed66e2b0894d5a520f099adc24a9b2", size = 16784890, upload-time = "2026-06-21T20:56:40.799Z" },
    { url = "https://files.pythonhosted.org/packages/85/4b/953118a730ee3b35e28645e0eb4cf9beec5bdbb954e1ac2f5fcefba6bbc3/numpy-2.5.0-cp313-cp313-macosx_11_0_arm64.whl", hash = "sha256:146b81cdd3967fdb6beca8ba25f00c58741d8f3cbd797f55af0fbe0bfec3469c", size = 11754584, upload-time = "2026-06-21T20:56:43.094Z" },
    { url = "https://files.pythonhosted.org/packages/44/9b/56dd530c367c74ae17411027cea4135ca57e1e0583bf5594cee18bd83217/numpy-2.5.0-cp313-cp313-macosx_14_0_arm64.whl", hash = "sha256:126b88d95e8ff9b00c9e717aa540469f21d6180162f84c0caec51b16215d49cd", size = 5313904, upload-time = "2026-06-21T20:56:45.503Z" },
    { url = "https://files.pythonhosted.org/packages/ce/b0/bcd672edad27ecca7da1f7bb0ce72cd1706a4f2d79ae94990afc97c13e1c/numpy-2.5.0-cp313-cp313-macosx_14_0_x86_64.whl", hash = "sha256:d4313cef1594c5ce46c31b6e54e918338f63f16ee9322304e8c9114d6d81c8bd", size = 6648504, upload-time = "2026-06-21T20:56:47.567Z" },
    { url = "https://files.pythonhosted.org/packages/80/9e/15cdfcbd30a1544a46c9e487a00df331c4672450216538705a9e51fa6710/numpy-2.5.0-cp313-cp313-manylinux_2_27_aarch64.manylinux_2_28_aarch64.whl", hash = "sha256:750fb097caf26fa878746d9d119f6f9da12dedcbff1eea966c3e3447647c4a9e", size = 15150086, upload-time = "2026-06-21T20:56:49.352Z" },
    { url = "https://files.pythonhosted.org/packages/32/4e/8d7656ccaab3e81e97258b8a9bc5f0c8502513a92fb4ceb0a2cbfebc17bf/numpy-2.5.0-cp313-cp313-manylinux_2_27_x86_64.manylinux_2_28_x86_64.whl", hash = "sha256:3893adc2dc7c0412ba76777db55a049215d99c9aa3113003be8f49f4f1290ab9", size = 16647250, upload-time = "2026-06-21T20:56:51.542Z" },
    { url = "https://files.pythonhosted.org/packages/3c/81/97060281b602ed07f21b12f4ec409eac1f75a2f91fbc829ed8b2becf3ad4/numpy-2.5.0-cp313-cp313-musllinux_1_2_aarch64.whl", hash = "sha256:835e454dd99b238cdc5a3f63bce2371296f5ebc53ca1e0f8e6ddbb6d92a29aab", size = 16512864, upload-time = "2026-06-21T20:56:55.401Z" },
    { url = "https://files.pythonhosted.org/packages/33/ab/4496208146911f8d8ddb54f68a972aafa6c8d44babcb2ea03b0e5cc87c9d/numpy-2.5.0-cp313-cp313-musllinux_1_2_x86_64.whl", hash = "sha256:6f9836778081a0a3c02a6a21493f3e9f5b311f8d2541934f31f05583dc999ea4", size = 18408407, upload-time = "2026-06-21T20:56:57.75Z" },
    { url = "https://files.pythonhosted.org/packages/d4/9f/a4df67c181e4ee8b467aa3332dc2db10fd5c515136831302f3ca48bc0a01/numpy-2.5.0-cp313-cp313-win32.whl", hash = "sha256:0b525be4744b60bb0557ac872d53ef07d085b5f39622bc579c98d3809d05b988", size = 6054431, upload-time = "2026-06-21T20:57:00.016Z" },
    { url = "https://files.pythonhosted.org/packages/30/53/491e1c47c55b62ccc6a63c1c5b8635c73fc2258dddeb9bda27cae4a0ae96/numpy-2.5.0-cp313-cp313-win_amd64.whl", hash = "sha256:44353e2878930039db472b99dc353d749826e4010bd4d2a7f835e94a97a5c748", size = 12414420, upload-time = "2026-06-21T20:57:01.815Z" },
    { url = "https://files.pythonhosted.org/packages/eb/4a/25c2906f541e9d9f4c5769764db732e6627be91a13f4724fa10634d77db4/numpy-2.5.0-cp313-cp313-win_arm64.whl", hash = "sha256:48f54b00711f83a5f796b70c518e8c2b3c5848dda03a54911f23eb68519b9b60", size = 10339533, upload-time = "2026-06-21T20:57:03.961Z" },
    { url = "https://files.pythonhosted.org/packages/86/ad/abc44aaceaf7b17ee1edde2bbb4458da591bc79574cffff50c4bb35f00d1/numpy-2.5.0-cp314-cp314-macosx_10_15_x86_64.whl", hash = "sha256:f27582c55ba4c750b7c58c8faf021d2cd9324a662b466229db8a417b41368af9", size = 16783807, upload-time = "2026-06-21T20:57:06.253Z" },
    { url = "https://files.pythonhosted.org/packages/5d/39/b72e168daf9c00fb20c9fc996d00437ccecdef3102387775d29d7a62576d/numpy-2.5.0-cp314-cp314-macosx_11_0_arm64.whl", hash = "sha256:28e7137057d551e4a83c4ae414e3451f50568409db7569aacc7f9811ee06a446", size = 11765215, upload-time = "2026-06-21T20:57:08.547Z" },
    { url = "https://files.pythonhosted.org/packages/f7/a0/8400a9c0e3625182347593f5e1f57da9a617a534794805c8df5518154ddc/numpy-2.5.0-cp314-cp314-macosx_14_0_arm64.whl", hash = "sha256:e1da54b53e75cd9fcfc23efcc7edab2c6aecf97b6037566d8a0fe804af8ec57c", size = 5324493, upload-time = "2026-06-21T20:57:11.012Z" },
    { url = "https://files.pythonhosted.org/packages/f6/8c/0d104deaa0401c93395a629ec902891618a2eff76d19229139cb5a887bfc/numpy-2.5.0-cp314-cp314-macosx_14_0_x86_64.whl", hash = "sha256:694d8f74e156f7fd01179f1aa8faa2f648ab6ae0f70b6c3fe57a03249aea2303", size = 6645211, upload-time = "2026-06-21T20:57:12.919Z" },
    { url = "https://files.pythonhosted.org/packages/6a/d9/4a4a628c812750363786afc3d33492709a5cd64b215469c16b0f6c7bb811/numpy-2.5.0-cp314-cp314-manylinux_2_27_aarch64.manylinux_2_28_aarch64.whl", hash = "sha256:1a7569a7b53c77716f036bb28cb1c91f166a26ec7d9502cd1e4bdfe502fdec22", size = 15166004, upload-time = "2026-06-21T20:57:14.717Z" },
    { url = "https://files.pythonhosted.org/packages/a0/5e/2a902317d7fc4aa93236e80c932662dadfc459b323d758329e01775125e1/numpy-2.5.0-cp314-cp314-manylinux_2_27_x86_64.manylinux_2_28_x86_64.whl", hash = "sha256:39a0433bd4086ebd462960cf375e19195bb07b53dc1d87dd5fcf47ad78576f03", size = 16650797, upload-time = "2026-06-21T20:57:16.906Z" },
    { url = "https://files.pythonhosted.org/packages/e9/a0/a0090e6329f4ca5992c07847bb579c5259a19953dc57255bb08793142ffb/numpy-2.5.0-cp314-cp314-musllinux_1_2_aarch64.whl", hash = "sha256:929f0c79ac38bcbd7154fe631dc907abfeddbcc5027a896bd1f7767323271e7a", size = 16524647, upload-time = "2026-06-21T20:57:19.165Z" },
    { url = "https://files.pythonhosted.org/packages/5e/7d/6caf27734c42b65837e7461ed0dbbd6b6fc835060c9714ec59d673bb383a/numpy-2.5.0-cp314-cp314-musllinux_1_2_x86_64.whl", hash = "sha256:cc4f247a47bbf070bfd70be53ccdcf47b800af563535e7bbe172322197c30e21", size = 18411841, upload-time = "2026-06-21T20:57:21.638Z" },
    { url = "https://files.pythonhosted.org/packages/13/dc/26edadbd812536769a82c2e9e002234e33feb5da43061d47a044f6d309b7/numpy-2.5.0-cp314-cp314-win32.whl", hash = "sha256:5dc71423499fab3f46f7a7201155ade1669ea101f2f429d332df9e72f8161731", size = 6106361, upload-time = "2026-06-21T20:57:23.844Z" },
    { url = "https://files.pythonhosted.org/packages/f2/9e/4dd1459282229a72d92dece2ae9138e5cac94a72263a7ceb48f37434c925/numpy-2.5.0-cp314-cp314-win_amd64.whl", hash = "sha256:ebb81d9d5443e0309d6c54894c3fbed74ad7da0714352a67b6d773cd189eae73", size = 12551749, upload-time = "2026-06-21T20:57:25.945Z" },
    { url = "https://files.pythonhosted.org/packages/05/a7/6bc6384c080b86c7f6c85c5bc5b540b24f4f679cd144791d99574e90d462/numpy-2.5.0-cp314-cp314-win_arm64.whl", hash = "sha256:3b94d0d0deceebfad3e67ae5c0e5eb87371e8f7a0581cd04a779928c2450cf1e", size = 10617072, upload-time = "2026-06-21T20:57:28.175Z" },
    { url = "https://files.pythonhosted.org/packages/86/6b/4a2b71d66ada5608ae02b63f150dfad520f6940721cb7f029ad270befc0e/numpy-2.5.0-cp314-cp314t-macosx_11_0_arm64.whl", hash = "sha256:22f3d43e362d650bc39db1f17851302874a148ca95ba6981c1dfb5fa6862f35b", size = 11881067, upload-time = "2026-06-21T20:57:30.104Z" },
    { url = "https://files.pythonhosted.org/packages/dc/b2/d365eb40a20efb49d67e9feb90494ed8511282ee1f5fa16006675c65397d/numpy-2.5.0-cp314-cp314t-macosx_14_0_arm64.whl", hash = "sha256:243563efb4cd7528a264567e9fd206c87826457322521d06206a00bfa316c927", size = 5440290, upload-time = "2026-06-21T20:57:32.193Z" },
    { url = "https://files.pythonhosted.org/packages/fa/5e/e9c03188de5f9b767e46a8fe988bcfd3efad066a4a3fda8b9cb11a93f895/numpy-2.5.0-cp314-cp314t-macosx_14_0_x86_64.whl", hash = "sha256:84881d825ca75249b189bbee875fcfe3238aa5c479e6100893cda566e8e86826", size = 6748371, upload-time = "2026-06-21T20:57:33.933Z" },
    { url = "https://files.pythonhosted.org/packages/fd/1d/68c186a38a5027bae2c4ddd5ea681fdaf8b4d30fb7301def6d8ad270390f/numpy-2.5.0-cp314-cp314t-manylinux_2_27_aarch64.manylinux_2_28_aarch64.whl", hash = "sha256:cda12aa4779d42b8771180aba759c96f527d43446d8f380ab59e2b35e8489efd", size = 15214643, upload-time = "2026-06-21T20:57:35.677Z" },
    { url = "https://files.pythonhosted.org/packages/8c/67/73f67b7c7e20635baae9c4c3ead4ae7326a005900297a6110971abd62eb5/numpy-2.5.0-cp314-cp314t-manylinux_2_27_x86_64.manylinux_2_28_x86_64.whl", hash = "sha256:1c0121101093d2bd74981b10f8837d78e794a8ff57834eb27179f49e1ba11ac6", size = 16690128, upload-time = "2026-06-21T20:57:38.159Z" },
    { url = "https://files.pythonhosted.org/packages/eb/05/d4c1fb0c46d02a27d6b2b8b319a78c90937acec8631c1641874670b31e6f/numpy-2.5.0-cp314-cp314t-musllinux_1_2_aarch64.whl", hash = "sha256:d371c92cfa09da00022f501ab67fafaea813d752eb30ac44336d45b1e5b0268a", size = 16577902, upload-time = "2026-06-21T20:57:40.447Z" },
    { url = "https://files.pythonhosted.org/packages/9e/1d/771c797d50fa26e4888989cccf1d50ee51f530d4e455ad2692dcb64fa711/numpy-2.5.0-cp314-cp314t-musllinux_1_2_x86_64.whl", hash = "sha256:9990713e9c38154c6861e7547f1e3fc7a87e75ff09bab24ef1cc81d81c2835e9", size = 18452814, upload-time = "2026-06-21T20:57:42.875Z" },
    { url = "https://files.pythonhosted.org/packages/e8/46/52fc0d2a68d7643f0f149eeea5a5d8ea2a3507056ac8afa83c9212606e8b/numpy-2.5.0-cp314-cp314t-win32.whl", hash = "sha256:edadfbd4794b1086c0d822f81863e8a68fc129d132fd0bb9e31e955d7fbbbdb7", size = 6253168, upload-time = "2026-06-21T20:57:45.101Z" },
    { url = "https://files.pythonhosted.org/packages/2a/be/6c8d1118b5f13b2881dc095d5b345de19c6638b8959c17409b6eff84c8aa/numpy-2.5.0-cp314-cp314t-win_amd64.whl", hash = "sha256:f7e5fa4382967ae6548bd2f174219afb908e294b0d5f625af01166edd5f7d9aa", size = 12736286, upload-time = "2026-06-21T20:57:46.935Z" },
    { url = "https://files.pythonhosted.org/packages/fd/6a/d3a169aaf8536cf228d56a09e04bcb713a2fe4410d4e2105b9419b5a9c89/numpy-2.5.0-cp314-cp314t-win_arm64.whl", hash = "sha256:016623417bb330d719d579daf2d6b9a01ddc52e41a9ed61a47f39fde46dcd865", size = 10686451, upload-time = "2026-06-21T20:57:49.313Z" },
]

[[package]]
name = "practica-4"
version = "0.1.0"
source = { virtual = "." }
dependencies = [
    { name = "mpi4py" },
    { name = "numpy" },
]

[package.metadata]
requires-dist = [
    { name = "mpi4py", specifier = ">=4.0" },
    { name = "numpy", specifier = ">=2.0" },
]
